<?xml version="1.0" encoding="utf-8"?>
<Project ToolsVersion="4.0" xmlns="http://schemas.microsoft.com/developer/msbuild/2003">
  <ItemGroup>
    <Filter Include="Tests">
      <UniqueIdentifier>{ee2a13f4-948b-4705-a2f1-d3c17ddbb438}</UniqueIdentifier>
    </Filter>
    <Filter Include="references">
      <UniqueIdentifier>{1ed252f5-6ada-49cb-8369-bd7f10b69c07}</UniqueIdentifier>
    </Filter>
    <Filter Include="Util">
      <UniqueIdentifier>{6517b820-8eac-4e15-bebb-ced1b1599d15}</UniqueIdentifier>
    </Filter>
  </ItemGroup>
  <ItemGroup>
    <ClCompile Include="FacebookServiceTest.cpp">
      <Filter>Tests</Filter>
    </ClCompile>
    <ClCompile Include="InternetConnectTest.cpp">
      <Filter>Tests</Filter>
    </ClCompile>
    <ClCompile Include="JSonCppMgrTest.cpp">
      <Filter>Tests</Filter>
    </ClCompile>
    <ClCompile Include="OnlinemgrTest.cpp">
      <Filter>Tests</Filter>
    </ClCompile>
    <ClCompile Include="SocialFacotryTest.cpp">
      <Filter>Tests</Filter>
    </ClCompile>
    <ClCompile Include="UrlHelperTest.cpp">
      <Filter>Tests</Filter>
    </ClCompile>
    <ClCompile Include="SimplePlugIn.cpp" />
    <ClCompile Include="..\TestDLL\URLWatchDog.cpp">
      <Filter>Util</Filter>
    </ClCompile>
    <ClCompile Include="CodecHelperTest.cpp">
      <Filter>Tests</Filter>
    </ClCompile>
    <ClCompile Include="FlickRServiceTest.cpp">
      <Filter>Tests</Filter>
    </ClCompile>
  </ItemGroup>
  <ItemGroup>
    <ClInclude Include="FacebookServiceTest.h">
      <Filter>Tests</Filter>
    </ClInclude>
    <ClInclude Include="InternetConnectTest.h">
      <Filter>Tests</Filter>
    </ClInclude>
    <ClInclude Include="JSonCppMgrTest.h">
      <Filter>Tests</Filter>
    </ClInclude>
    <ClInclude Include="OnlinemgrTest.h">
      <Filter>Tests</Filter>
    </ClInclude>
    <ClInclude Include="SocialFacotryTest.h">
      <Filter>Tests</Filter>
    </ClInclude>
    <ClInclude Include="UrlHelperTest.h">
      <Filter>Tests</Filter>
    </ClInclude>
    <ClInclude Include="IOnlineMgr.h">
      <Filter>references</Filter>
    </ClInclude>
    <ClInclude Include="UploadProgress.h">
      <Filter>references</Filter>
    </ClInclude>
    <ClInclude Include="..\TestDLL\URLWatchDog.h">
      <Filter>Util</Filter>
    </ClInclude>
    <ClInclude Include="CodecHelperTest.h">
      <Filter>Tests</Filter>
    </ClInclude>
    <ClInclude Include="FlickRServiceTest.h">
      <Filter>Tests</Filter>
    </ClInclude>
  </ItemGroup>
</Project>