<?xml version="1.0" encoding="utf-8"?>
<Project ToolsVersion="4.0" xmlns="http://schemas.microsoft.com/developer/msbuild/2003">
  <ItemGroup>
    <Filter Include="core">
      <UniqueIdentifier>{4FC737F1-C7A5-4376-A066-2A32D752A2FF}</UniqueIdentifier>
    </Filter>
    <Filter Include="Util">
      <UniqueIdentifier>{e2c13b2c-86a3-4519-893d-68b1ec15fe58}</UniqueIdentifier>
    </Filter>
    <Filter Include="SocialNetwork">
      <UniqueIdentifier>{a2233324-c9e9-4816-a2cf-64f68eb13713}</UniqueIdentifier>
    </Filter>
    <Filter Include="Model">
      <UniqueIdentifier>{6eb67e2d-3a63-4c84-967b-6c521b03ec60}</UniqueIdentifier>
    </Filter>
    <Filter Include="Model\Facebook">
      <UniqueIdentifier>{7768b7fb-bfb9-4aad-b622-38460024b00c}</UniqueIdentifier>
    </Filter>
    <Filter Include="SocialNetwork\interface">
      <UniqueIdentifier>{607dc0fa-b32c-49bc-a2b6-bbb4e4d605a9}</UniqueIdentifier>
    </Filter>
    <Filter Include="Model\Flickr">
      <UniqueIdentifier>{4946b20c-8102-4821-bd68-f2409ccd1e98}</UniqueIdentifier>
    </Filter>
    <Filter Include="Util\DataMgr">
      <UniqueIdentifier>{67d38d39-164a-44a1-9e5e-9fd6811239ea}</UniqueIdentifier>
    </Filter>
    <Filter Include="Util\Logger">
      <UniqueIdentifier>{b703055c-5468-4447-9ecf-c1114096afac}</UniqueIdentifier>
    </Filter>
    <Filter Include="Util\DataMgr\ParseRule">
      <UniqueIdentifier>{f88ee986-8fda-4a9f-9146-f7f9043787be}</UniqueIdentifier>
    </Filter>
  </ItemGroup>
  <ItemGroup>
    <ClCompile Include="InternetConnectService.cpp">
      <Filter>core</Filter>
    </ClCompile>
    <ClCompile Include="NetKernelLoader.cpp">
      <Filter>core</Filter>
    </ClCompile>
    <ClCompile Include="NetService.cpp">
      <Filter>core</Filter>
    </ClCompile>
    <ClCompile Include="stdafx.cpp">
      <Filter>core</Filter>
    </ClCompile>
    <ClCompile Include="MapHelper.cpp">
      <Filter>Util</Filter>
    </ClCompile>
    <ClCompile Include="UrlHelper.cpp">
      <Filter>Util</Filter>
    </ClCompile>
    <ClCompile Include="BaseService.cpp">
      <Filter>SocialNetwork</Filter>
    </ClCompile>
    <ClCompile Include="FacebookService.cpp">
      <Filter>SocialNetwork</Filter>
    </ClCompile>
    <ClCompile Include="SocialServiceFactory.cpp">
      <Filter>SocialNetwork</Filter>
    </ClCompile>
    <ClCompile Include="FlickrService.cpp">
      <Filter>SocialNetwork</Filter>
    </ClCompile>
    <ClCompile Include="DataMgrFactory.cpp">
      <Filter>Util\DataMgr</Filter>
    </ClCompile>
    <ClCompile Include="JSonCppMgr.cpp">
      <Filter>Util\DataMgr</Filter>
    </ClCompile>
    <ClCompile Include="Log4CxxLogger.cpp">
      <Filter>Util\Logger</Filter>
    </ClCompile>
    <ClCompile Include="LoggerMgr.cpp">
      <Filter>Util\Logger</Filter>
    </ClCompile>
    <ClCompile Include="CodecHelper.cpp">
      <Filter>Util</Filter>
    </ClCompile>
    <ClCompile Include="OAuthHelper.cpp">
      <Filter>Util</Filter>
    </ClCompile>
    <ClCompile Include="StringHelper.cpp">
      <Filter>Util</Filter>
    </ClCompile>
    <ClCompile Include="ErrorParseRuler.cpp">
      <Filter>Util\DataMgr\ParseRule</Filter>
    </ClCompile>
    <ClCompile Include="ImageParseRuler.cpp">
      <Filter>Util\DataMgr\ParseRule</Filter>
    </ClCompile>
    <ClCompile Include="PhotoParseRuler.cpp">
      <Filter>Util\DataMgr\ParseRule</Filter>
    </ClCompile>
    <ClCompile Include="ListHelper.cpp">
      <Filter>Util</Filter>
    </ClCompile>
    <ClCompile Include="UserParseRuler.cpp">
      <Filter>Util\DataMgr\ParseRule</Filter>
    </ClCompile>
    <ClCompile Include="AlbumParseRuler.cpp">
      <Filter>Util\DataMgr\ParseRule</Filter>
    </ClCompile>
    <ClCompile Include="ProfileParseRuler.cpp">
      <Filter>Util\DataMgr\ParseRule</Filter>
    </ClCompile>
    <ClCompile Include="VideoParseRuler.cpp">
      <Filter>Util\DataMgr\ParseRule</Filter>
    </ClCompile>
  </ItemGroup>
  <ItemGroup>
    <ClInclude Include="..\..\NetKernel\Src\INetKernel.h">
      <Filter>core</Filter>
    </ClInclude>
    <ClInclude Include="InternetConnectService.h">
      <Filter>core</Filter>
    </ClInclude>
    <ClInclude Include="NetKernelLoader.h">
      <Filter>core</Filter>
    </ClInclude>
    <ClInclude Include="NetService.h">
      <Filter>core</Filter>
    </ClInclude>
    <ClInclude Include="NetServiceErr.h">
      <Filter>core</Filter>
    </ClInclude>
    <ClInclude Include="stdafx.h">
      <Filter>core</Filter>
    </ClInclude>
    <ClInclude Include="MapHelper.h">
      <Filter>Util</Filter>
    </ClInclude>
    <ClInclude Include="UrlHelper.h">
      <Filter>Util</Filter>
    </ClInclude>
    <ClInclude Include="BaseService.h">
      <Filter>SocialNetwork</Filter>
    </ClInclude>
    <ClInclude Include="FacebookService.h">
      <Filter>SocialNetwork</Filter>
    </ClInclude>
    <ClInclude Include="SocialServiceFactory.h">
      <Filter>SocialNetwork</Filter>
    </ClInclude>
    <ClInclude Include="SysTypes.h">
      <Filter>SocialNetwork</Filter>
    </ClInclude>
    <ClInclude Include="IAlbumModel.h">
      <Filter>Model</Filter>
    </ClInclude>
    <ClInclude Include="IErrorModel.h">
      <Filter>Model</Filter>
    </ClInclude>
    <ClInclude Include="IModel.h">
      <Filter>Model</Filter>
    </ClInclude>
    <ClInclude Include="IPhotoModel.h">
      <Filter>Model</Filter>
    </ClInclude>
    <ClInclude Include="IUserModel.h">
      <Filter>Model</Filter>
    </ClInclude>
    <ClInclude Include="IVideoModel.h">
      <Filter>Model</Filter>
    </ClInclude>
    <ClInclude Include="FBAlbumModel.h">
      <Filter>Model\Facebook</Filter>
    </ClInclude>
    <ClInclude Include="FBErrorModel.h">
      <Filter>Model\Facebook</Filter>
    </ClInclude>
    <ClInclude Include="FBFields.h">
      <Filter>Model\Facebook</Filter>
    </ClInclude>
    <ClInclude Include="FBPhotoModel.h">
      <Filter>Model\Facebook</Filter>
    </ClInclude>
    <ClInclude Include="FBUserModel.h">
      <Filter>Model\Facebook</Filter>
    </ClInclude>
    <ClInclude Include="FBVideoModel.h">
      <Filter>Model\Facebook</Filter>
    </ClInclude>
    <ClInclude Include="IConnectionInfo.h">
      <Filter>SocialNetwork\interface</Filter>
    </ClInclude>
    <ClInclude Include="ISocialNetworkService.h">
      <Filter>SocialNetwork\interface</Filter>
    </ClInclude>
    <ClInclude Include="FlickrService.h">
      <Filter>SocialNetwork</Filter>
    </ClInclude>
    <ClInclude Include="FlickrFields.h">
      <Filter>Model\Flickr</Filter>
    </ClInclude>
    <ClInclude Include="FkRErrorModel.h">
      <Filter>Model\Flickr</Filter>
    </ClInclude>
    <ClInclude Include="FkRPhotoModel.h">
      <Filter>Model\Flickr</Filter>
    </ClInclude>
    <ClInclude Include="IDataManager.h">
      <Filter>Util\DataMgr</Filter>
    </ClInclude>
    <ClInclude Include="DataMgrFactory.h">
      <Filter>Util\DataMgr</Filter>
    </ClInclude>
    <ClInclude Include="JSonCppMgr.h">
      <Filter>Util\DataMgr</Filter>
    </ClInclude>
    <ClInclude Include="ILogger.h">
      <Filter>Util\Logger</Filter>
    </ClInclude>
    <ClInclude Include="Log4CxxLogger.h">
      <Filter>Util\Logger</Filter>
    </ClInclude>
    <ClInclude Include="LoggerMgr.h">
      <Filter>Util\Logger</Filter>
    </ClInclude>
    <ClInclude Include="CodecHelper.h">
      <Filter>Util</Filter>
    </ClInclude>
    <ClInclude Include="OAuthHelper.h">
      <Filter>Util</Filter>
    </ClInclude>
    <ClInclude Include="StringHelper.h">
      <Filter>Util</Filter>
    </ClInclude>
    <ClInclude Include="FkrAlbumModel.h">
      <Filter>Model\Flickr</Filter>
    </ClInclude>
    <ClInclude Include="FkrUserModel.h">
      <Filter>Model\Flickr</Filter>
    </ClInclude>
    <ClInclude Include="ErrorParseRuler.h">
      <Filter>Util\DataMgr\ParseRule</Filter>
    </ClInclude>
    <ClInclude Include="ImageParseRuler.h">
      <Filter>Util\DataMgr\ParseRule</Filter>
    </ClInclude>
    <ClInclude Include="IParseRuler.h">
      <Filter>Util\DataMgr\ParseRule</Filter>
    </ClInclude>
    <ClInclude Include="PhotoParseRuler.h">
      <Filter>Util\DataMgr\ParseRule</Filter>
    </ClInclude>
    <ClInclude Include="ListHelper.h">
      <Filter>Util</Filter>
    </ClInclude>
    <ClInclude Include="UserParseRuler.h">
      <Filter>Util\DataMgr\ParseRule</Filter>
    </ClInclude>
    <ClInclude Include="AlbumParseRuler.h">
      <Filter>Util\DataMgr\ParseRule</Filter>
    </ClInclude>
    <ClInclude Include="ProfileParseRuler.h">
      <Filter>Util\DataMgr\ParseRule</Filter>
    </ClInclude>
    <ClInclude Include="VideoParseRuler.h">
      <Filter>Util\DataMgr\ParseRule</Filter>
    </ClInclude>
  </ItemGroup>
  <ItemGroup>
    <None Include="ReadMe.txt" />
  </ItemGroup>
</Project>