<?xml version="1.0" encoding="utf-8"?>
<Project ToolsVersion="4.0" xmlns="http://schemas.microsoft.com/developer/msbuild/2003">
  <ItemGroup>
    <Filter Include="core">
      <UniqueIdentifier>{4FC737F1-C7A5-4376-A066-2A32D752A2FF}</UniqueIdentifier>
    </Filter>
    <Filter Include="Util">
      <UniqueIdentifier>{e2c13b2c-86a3-4519-893d-68b1ec15fe58}</UniqueIdentifier>
    </Filter>
    <Filter Include="SocialNetwork">
      <UniqueIdentifier>{a2233324-c9e9-4816-a2cf-64f68eb13713}</UniqueIdentifier>
    </Filter>
    <Filter Include="Model">
      <UniqueIdentifier>{6eb67e2d-3a63-4c84-967b-6c521b03ec60}</UniqueIdentifier>
    </Filter>
    <Filter Include="Model\Facebook">
      <UniqueIdentifier>{7768b7fb-bfb9-4aad-b622-38460024b00c}</UniqueIdentifier>
    </Filter>
  </ItemGroup>
  <ItemGroup>
    <ClCompile Include="InternetConnectService.cpp">
      <Filter>core</Filter>
    </ClCompile>
    <ClCompile Include="NetKernelLoader.cpp">
      <Filter>core</Filter>
    </ClCompile>
    <ClCompile Include="NetService.cpp">
      <Filter>core</Filter>
    </ClCompile>
    <ClCompile Include="stdafx.cpp">
      <Filter>core</Filter>
    </ClCompile>
    <ClCompile Include="DataMgrFactory.cpp">
      <Filter>Util</Filter>
    </ClCompile>
    <ClCompile Include="JSonCppMgr.cpp">
      <Filter>Util</Filter>
    </ClCompile>
    <ClCompile Include="MapHelper.cpp">
      <Filter>Util</Filter>
    </ClCompile>
    <ClCompile Include="UrlHelper.cpp">
      <Filter>Util</Filter>
    </ClCompile>
    <ClCompile Include="BaseService.cpp">
      <Filter>SocialNetwork</Filter>
    </ClCompile>
    <ClCompile Include="FacebookService.cpp">
      <Filter>SocialNetwork</Filter>
    </ClCompile>
    <ClCompile Include="SocialServiceFactory.cpp">
      <Filter>SocialNetwork</Filter>
    </ClCompile>
    <ClCompile Include="FBAlbumModel.cpp">
      <Filter>Model\Facebook</Filter>
    </ClCompile>
    <ClCompile Include="FBErrorModel.cpp">
      <Filter>Model\Facebook</Filter>
    </ClCompile>
    <ClCompile Include="FBPhotoModel.cpp">
      <Filter>Model\Facebook</Filter>
    </ClCompile>
    <ClCompile Include="FBUserMdoel.cpp">
      <Filter>Model\Facebook</Filter>
    </ClCompile>
    <ClCompile Include="FBVideoModel.cpp">
      <Filter>Model\Facebook</Filter>
    </ClCompile>
    <ClCompile Include="Log4CxxLogger.cpp">
      <Filter>Util</Filter>
    </ClCompile>
    <ClCompile Include="LoggerMgr.cpp">
      <Filter>Util</Filter>
    </ClCompile>
  </ItemGroup>
  <ItemGroup>
    <ClInclude Include="..\..\NetKernel\Src\INetKernel.h">
      <Filter>core</Filter>
    </ClInclude>
    <ClInclude Include="InternetConnectService.h">
      <Filter>core</Filter>
    </ClInclude>
    <ClInclude Include="NetKernelLoader.h">
      <Filter>core</Filter>
    </ClInclude>
    <ClInclude Include="NetService.h">
      <Filter>core</Filter>
    </ClInclude>
    <ClInclude Include="NetServiceErr.h">
      <Filter>core</Filter>
    </ClInclude>
    <ClInclude Include="stdafx.h">
      <Filter>core</Filter>
    </ClInclude>
    <ClInclude Include="DataMgrFactory.h">
      <Filter>Util</Filter>
    </ClInclude>
    <ClInclude Include="IDataManager.h">
      <Filter>Util</Filter>
    </ClInclude>
    <ClInclude Include="JSonCppMgr.h">
      <Filter>Util</Filter>
    </ClInclude>
    <ClInclude Include="MapHelper.h">
      <Filter>Util</Filter>
    </ClInclude>
    <ClInclude Include="UrlHelper.h">
      <Filter>Util</Filter>
    </ClInclude>
    <ClInclude Include="BaseService.h">
      <Filter>SocialNetwork</Filter>
    </ClInclude>
    <ClInclude Include="FacebookService.h">
      <Filter>SocialNetwork</Filter>
    </ClInclude>
    <ClInclude Include="IConnectionInfo.h">
      <Filter>SocialNetwork</Filter>
    </ClInclude>
    <ClInclude Include="ISocialNetworkService.h">
      <Filter>SocialNetwork</Filter>
    </ClInclude>
    <ClInclude Include="SocialServiceFactory.h">
      <Filter>SocialNetwork</Filter>
    </ClInclude>
    <ClInclude Include="SysTypes.h">
      <Filter>SocialNetwork</Filter>
    </ClInclude>
    <ClInclude Include="IAlbumModel.h">
      <Filter>Model</Filter>
    </ClInclude>
    <ClInclude Include="IErrorModel.h">
      <Filter>Model</Filter>
    </ClInclude>
    <ClInclude Include="IModel.h">
      <Filter>Model</Filter>
    </ClInclude>
    <ClInclude Include="IPhotoModel.h">
      <Filter>Model</Filter>
    </ClInclude>
    <ClInclude Include="IUserModel.h">
      <Filter>Model</Filter>
    </ClInclude>
    <ClInclude Include="IVideoModel.h">
      <Filter>Model</Filter>
    </ClInclude>
    <ClInclude Include="FBAlbumModel.h">
      <Filter>Model\Facebook</Filter>
    </ClInclude>
    <ClInclude Include="FBErrorModel.h">
      <Filter>Model\Facebook</Filter>
    </ClInclude>
    <ClInclude Include="FBFields.h">
      <Filter>Model\Facebook</Filter>
    </ClInclude>
    <ClInclude Include="FBPhotoModel.h">
      <Filter>Model\Facebook</Filter>
    </ClInclude>
    <ClInclude Include="FBUserModel.h">
      <Filter>Model\Facebook</Filter>
    </ClInclude>
    <ClInclude Include="FBVideoModel.h">
      <Filter>Model\Facebook</Filter>
    </ClInclude>
    <ClInclude Include="ILogger.h">
      <Filter>Util</Filter>
    </ClInclude>
    <ClInclude Include="Log4CxxLogger.h">
      <Filter>Util</Filter>
    </ClInclude>
    <ClInclude Include="LoggerMgr.h">
      <Filter>Util</Filter>
    </ClInclude>
  </ItemGroup>
  <ItemGroup>
    <None Include="ReadMe.txt" />
  </ItemGroup>
  <ItemGroup>
    <CustomBuild Include="..\TestData\Log4cxxConfig.xml">
      <Filter>Util</Filter>
    </CustomBuild>
  </ItemGroup>
</Project>